<?xml version="1.0" encoding="utf-8"?>
<Project ToolsVersion="4.0" xmlns="http://schemas.microsoft.com/developer/msbuild/2003">
  <ItemGroup>
    <Filter Include="Source Files">
      <UniqueIdentifier>{4FC737F1-C7A5-4376-A066-2A32D752A2FF}</UniqueIdentifier>
      <Extensions>cpp;c;cc;cxx;def;odl;idl;hpj;bat;asm;asmx</Extensions>
    </Filter>
    <Filter Include="Header Files">
      <UniqueIdentifier>{93995380-89BD-4b04-88EB-625FBE52EBFB}</UniqueIdentifier>
      <Extensions>h;hh;hpp;hxx;hm;inl;inc;xsd</Extensions>
    </Filter>
    <Filter Include="Resource Files">
      <UniqueIdentifier>{67DA6AB6-F800-4c08-8B7A-83BB121AAD01}</UniqueIdentifier>
      <Extensions>rc;ico;cur;bmp;dlg;rc2;rct;bin;rgs;gif;jpg;jpeg;jpe;resx;tiff;tif;png;wav;mfcribbon-ms</Extensions>
    </Filter>
  </ItemGroup>
  <ItemGroup>
    <ClCompile Include="src\MainWindow.cpp">
      <Filter>Source Files</Filter>
    </ClCompile>
    <ClCompile Include="src\AboutWindow.cpp">
      <Filter>Source Files</Filter>
    </ClCompile>
    <ClCompile Include="src\UpdateChecker.cpp">
      <Filter>Source Files</Filter>
    </ClCompile>
    <ClCompile Include="src\StatusText.cpp">
      <Filter>Source Files</Filter>
    </ClCompile>
    <ClCompile Include="src\ETS2SyncHelperApp.cpp">
      <Filter>Source Files</Filter>
    </ClCompile>
    <ClCompile Include="src\ShowLastWindowsError.cpp">
      <Filter>Source Files</Filter>
    </ClCompile>
    <ClCompile Include="src\ProfileSelector.cpp">
      <Filter>Source Files</Filter>
    </ClCompile>
    <ClCompile Include="src\ETS2\lib\file.cpp">
      <Filter>Source Files</Filter>
    </ClCompile>
    <ClCompile Include="src\ETS2\Info.cpp">
      <Filter>Source Files</Filter>
    </ClCompile>
    <ClCompile Include="src\ETS2StaticBox.cpp">
      <Filter>Source Files</Filter>
    </ClCompile>
    <ClCompile Include="src\Ets2\Profile.cpp">
      <Filter>Source Files</Filter>
    </ClCompile>
    <ClCompile Include="src\Ets2\File.cpp">
      <Filter>Source Files</Filter>
    </ClCompile>
    <ClCompile Include="src\Ets2\Save.cpp">
      <Filter>Source Files</Filter>
    </ClCompile>
    <ClCompile Include="src\Ets2\Object.cpp">
      <Filter>Source Files</Filter>
    </ClCompile>
    <ClCompile Include="src\precomp.cpp">
      <Filter>Source Files</Filter>
    </ClCompile>
    <ClCompile Include="src\SaveSelector.cpp">
      <Filter>Source Files</Filter>
    </ClCompile>
    <ClCompile Include="src\DlcSelector.cpp">
      <Filter>Source Files</Filter>
    </ClCompile>
    <ClCompile Include="src\GameSettingsPanel.cpp">
      <Filter>Source Files</Filter>
    </ClCompile>
    <ClCompile Include="src\JobSyncer.cpp">
      <Filter>Source Files</Filter>
    </ClCompile>
    <ClCompile Include="src\SyncDialog.cpp">
      <Filter>Source Files</Filter>
    </ClCompile>
    <ClCompile Include="src\Ets2\lib\Utf8ToUtf16.cpp">
      <Filter>Source Files</Filter>
    </ClCompile>
    <ClCompile Include="src\Ets2\Parser\Cfg.cpp">
      <Filter>Source Files</Filter>
    </ClCompile>
    <ClCompile Include="src\Ets2\Parser\SiiText.cpp">
      <Filter>Source Files</Filter>
    </ClCompile>
    <ClCompile Include="src\Ets2\Parser\SiiBinary.cpp">
      <Filter>Source Files</Filter>
    </ClCompile>
  </ItemGroup>
  <ItemGroup>
    <ClInclude Include="src\MainWindow.hpp">
      <Filter>Header Files</Filter>
    </ClInclude>
    <ClInclude Include="src\AboutWindow.hpp">
      <Filter>Header Files</Filter>
    </ClInclude>
    <ClInclude Include="src\UpdateChecker.hpp">
      <Filter>Header Files</Filter>
    </ClInclude>
    <ClInclude Include="src\StatusText.hpp">
      <Filter>Header Files</Filter>
    </ClInclude>
    <ClInclude Include="src\ETS2SyncHelperApp.hpp">
      <Filter>Header Files</Filter>
    </ClInclude>
    <ClInclude Include="src\ShowLastWindowsError.hpp">
      <Filter>Header Files</Filter>
    </ClInclude>
    <ClInclude Include="src\ProfileSelector.hpp">
      <Filter>Header Files</Filter>
    </ClInclude>
    <ClInclude Include="src\ETS2\lib\file.hpp">
      <Filter>Header Files</Filter>
    </ClInclude>
    <ClInclude Include="src\ETS2\Info.hpp">
      <Filter>Header Files</Filter>
    </ClInclude>
    <ClInclude Include="src\ETS2\Profile.hpp">
      <Filter>Header Files</Filter>
    </ClInclude>
    <ClInclude Include="src\ETS2StaticBox.hpp">
      <Filter>Header Files</Filter>
    </ClInclude>
    <ClInclude Include="src\Ets2\File.hpp">
      <Filter>Header Files</Filter>
    </ClInclude>
    <ClInclude Include="src\Ets2\Save.hpp">
      <Filter>Header Files</Filter>
    </ClInclude>
    <ClInclude Include="src\Ets2\Object.hpp">
      <Filter>Header Files</Filter>
    </ClInclude>
    <ClInclude Include="src\precomp.hpp">
      <Filter>Header Files</Filter>
    </ClInclude>
    <ClInclude Include="src\version.hpp">
      <Filter>Header Files</Filter>
    </ClInclude>
    <ClInclude Include="src\Ets2\lib\precomp.hpp">
      <Filter>Header Files</Filter>
    </ClInclude>
    <ClInclude Include="src\Ets2\precomp.hpp">
      <Filter>Header Files</Filter>
    </ClInclude>
    <ClInclude Include="src\ObjectSelector.hpp">
      <Filter>Header Files</Filter>
    </ClInclude>
    <ClInclude Include="src\SaveSelector.hpp">
      <Filter>Header Files</Filter>
    </ClInclude>
    <ClInclude Include="src\ObjectCombobox.hpp">
      <Filter>Header Files</Filter>
    </ClInclude>
    <ClInclude Include="src\DlcSelector.hpp">
      <Filter>Header Files</Filter>
    </ClInclude>
    <ClInclude Include="src\Ets2\ObjectList.hpp">
      <Filter>Header Files</Filter>
    </ClInclude>
    <ClInclude Include="src\GameSettingsPanel.hpp">
      <Filter>Header Files</Filter>
    </ClInclude>
    <ClInclude Include="src\JobSyncer.hpp">
      <Filter>Header Files</Filter>
    </ClInclude>
    <ClInclude Include="src\SyncDialog.hpp">
      <Filter>Header Files</Filter>
    </ClInclude>
    <ClInclude Include="src\Ets2\lib\Utf8ToUtf16.hpp">
      <Filter>Header Files</Filter>
    </ClInclude>
    <ClInclude Include="src\Ets2\Parser\Cfg.hpp">
      <Filter>Header Files</Filter>
    </ClInclude>
    <ClInclude Include="src\Ets2\Parser\precomp.hpp">
      <Filter>Header Files</Filter>
    </ClInclude>
    <ClInclude Include="src\Ets2\Parser\Sii.hpp">
      <Filter>Header Files</Filter>
    </ClInclude>
    <ClInclude Include="src\Ets2\Parser\SiiText.hpp">
      <Filter>Header Files</Filter>
    </ClInclude>
    <ClInclude Include="src\Ets2\Parser\SiiBinary.hpp">
      <Filter>Header Files</Filter>
    </ClInclude>
    <ClInclude Include="res\resource.h">
      <Filter>Header Files</Filter>
    </ClInclude>
  </ItemGroup>
  <ItemGroup>
    <Image Include="res\app.ico">
      <Filter>Resource Files</Filter>
    </Image>
    <Image Include="res\icon_256.png">
      <Filter>Resource Files</Filter>
    </Image>
  </ItemGroup>
  <ItemGroup>
    <ResourceCompile Include="res\app.rc">
      <Filter>Resource Files</Filter>
    </ResourceCompile>
  </ItemGroup>
  <ItemGroup>
    <None Include="src\Ets2\Parser\Cfg.rl" />
    <None Include="src\Ets2\Parser\SiiText.rl" />
  </ItemGroup>
  <ItemGroup>
    <CustomBuild Include="src\Ets2\Parser\Cfg.rl.cpp" />
    <CustomBuild Include="src\Ets2\Parser\SiiText.rl.cpp">
      <Filter>Source Files</Filter>
    </CustomBuild>
  </ItemGroup>
</Project>