
Microsoft Visual Studio Solution File, Format Version 12.00
# Visual Studio Version 16
VisualStudioVersion = 16.0.30413.136
MinimumVisualStudioVersion = 10.0.40219.1
Project("{8BC9CEB8-8B4A-11D0-8D11-00A0C91BC942}") = "ETS2Sync-Helper", "ETS2Sync-Helper-4.vcxproj", "{C58DE3D1-9460-4ACD-A334-8A8B9991DEF4}"
EndProject
Global
	GlobalSection(SolutionConfigurationPlatforms) = preSolution
		Debug|x86 = Debug|x86
		Release|x86 = Release|x86
	EndGlobalSection
	GlobalSection(ProjectConfigurationPlatforms) = postSolution
		{C58DE3D1-9460-4ACD-A334-8A8B9991DEF4}.Debug|x86.ActiveCfg = Debug|Win32
		{C58DE3D1-9460-4ACD-A334-8A8B9991DEF4}.Debug|x86.Build.0 = Debug|Win32
		{C58DE3D1-9460-4ACD-A334-8A8B9991DEF4}.Release|x86.ActiveCfg = Release|Win32
		{C58DE3D1-9460-4ACD-A334-8A8B9991DEF4}.Release|x86.Build.0 = Release|Win32
	EndGlobalSection
	GlobalSection(SolutionProperties) = preSolution
		HideSolutionNode = FALSE
	EndGlobalSection
	GlobalSection(ExtensibilityGlobals) = postSolution
		SolutionGuid = {C892CB13-280E-4E1C-8EF6-44339B6C0595}
	EndGlobalSection
EndGlobal
